
Microsoft Visual Studio Solution File, Format Version 12.00
# Visual Studio 2015
Project("{FAE04EC0-301F-11D3-BF4B-00C04F79EFBC}") = "ModulesDevelopment.CSharp", "ModulesDevelopment.CSharp.csproj", "{ECEAD618-A4A1-6D51-3F24-9393BAD8BC24}"
EndProject
Project("{FAE04EC0-301F-11D3-BF4B-00C04F79EFBC}") = "ModulesDevelopment.CSharp.Editor", "ModulesDevelopment.CSharp.Editor.csproj", "{BEB4448E-139A-8CB9-F73B-DEF4F31AC1C7}"
EndProject
Global
	GlobalSection(SolutionConfigurationPlatforms) = preSolution
		Debug|Any CPU = Debug|Any CPU
		Release|Any CPU = Release|Any CPU
	EndGlobalSection
	GlobalSection(ProjectConfigurationPlatforms) = postSolution
		{ECEAD618-A4A1-6D51-3F24-9393BAD8BC24}.Debug|Any CPU.ActiveCfg = Debug|Any CPU
		{ECEAD618-A4A1-6D51-3F24-9393BAD8BC24}.Debug|Any CPU.Build.0 = Debug|Any CPU
		{ECEAD618-A4A1-6D51-3F24-9393BAD8BC24}.Release|Any CPU.ActiveCfg = Release|Any CPU
		{ECEAD618-A4A1-6D51-3F24-9393BAD8BC24}.Release|Any CPU.Build.0 = Release|Any CPU
		{BEB4448E-139A-8CB9-F73B-DEF4F31AC1C7}.Debug|Any CPU.ActiveCfg = Debug|Any CPU
		{BEB4448E-139A-8CB9-F73B-DEF4F31AC1C7}.Debug|Any CPU.Build.0 = Debug|Any CPU
		{BEB4448E-139A-8CB9-F73B-DEF4F31AC1C7}.Release|Any CPU.ActiveCfg = Release|Any CPU
		{BEB4448E-139A-8CB9-F73B-DEF4F31AC1C7}.Release|Any CPU.Build.0 = Release|Any CPU
	EndGlobalSection
	GlobalSection(SolutionProperties) = preSolution
		HideSolutionNode = FALSE
	EndGlobalSection
EndGlobal
