
Microsoft Visual Studio Solution File, Format Version 12.00
# Visual Studio 2015
Project("{FAE04EC0-301F-11D3-BF4B-00C04F79EFBC}") = "ValidServer.CSharp", "ValidServer.CSharp.csproj", "{8460A185-57BC-D045-E4C2-CC49DE1DE891}"
EndProject
Project("{FAE04EC0-301F-11D3-BF4B-00C04F79EFBC}") = "ValidServer.CSharp.Editor", "ValidServer.CSharp.Editor.csproj", "{C7D82754-1699-66B6-AF70-10DC0200E7EB}"
EndProject
Global
	GlobalSection(SolutionConfigurationPlatforms) = preSolution
		Debug|Any CPU = Debug|Any CPU
		Release|Any CPU = Release|Any CPU
	EndGlobalSection
	GlobalSection(ProjectConfigurationPlatforms) = postSolution
		{8460A185-57BC-D045-E4C2-CC49DE1DE891}.Debug|Any CPU.ActiveCfg = Debug|Any CPU
		{8460A185-57BC-D045-E4C2-CC49DE1DE891}.Debug|Any CPU.Build.0 = Debug|Any CPU
		{8460A185-57BC-D045-E4C2-CC49DE1DE891}.Release|Any CPU.ActiveCfg = Release|Any CPU
		{8460A185-57BC-D045-E4C2-CC49DE1DE891}.Release|Any CPU.Build.0 = Release|Any CPU
		{C7D82754-1699-66B6-AF70-10DC0200E7EB}.Debug|Any CPU.ActiveCfg = Debug|Any CPU
		{C7D82754-1699-66B6-AF70-10DC0200E7EB}.Debug|Any CPU.Build.0 = Debug|Any CPU
		{C7D82754-1699-66B6-AF70-10DC0200E7EB}.Release|Any CPU.ActiveCfg = Release|Any CPU
		{C7D82754-1699-66B6-AF70-10DC0200E7EB}.Release|Any CPU.Build.0 = Release|Any CPU
	EndGlobalSection
	GlobalSection(SolutionProperties) = preSolution
		HideSolutionNode = FALSE
	EndGlobalSection
EndGlobal
